<Solution>
  <Project Path="CoreAI.Tests.PlayMode.FastNoLlm.csproj" />
  <Project Path="CoreAI.Source.csproj" />
  <Project Path="Mirror.Components.csproj" />
  <Project Path="RuntimeInspector.Runtime.csproj" />
  <Project Path="CoreAI.Core.csproj" />
  <Project Path="CoreAI.RbxApi.Instances.csproj" />
  <Project Path="Edgegap.csproj" />
  <Project Path="Mirror.Editor.csproj" />
  <Project Path="CoreAI.Mods.Tests.csproj" />
  <Project Path="CoreAI.Tests.csproj" />
  <Project Path="CoreAI.Mcp.csproj" />
  <Project Path="Mirror.csproj" />
  <Project Path="Unity.Mirror.CodeGen.csproj" />
  <Project Path="CoreAI.Tests.PlayMode.LlmInfra.csproj" />
  <Project Path="SimpleWebTransport.csproj" />
  <Project Path="CoreAI.Demos.csproj" />
  <Project Path="CoreAI.Mods.csproj" />
  <Project Path="CoreAI.Mods.Hub.csproj" />
  <Project Path="Mirror.Authenticators.csproj" />
  <Project Path="CoreAI.ExampleGame.csproj" />
  <Project Path="kcp2k.csproj" />
  <Project Path="Mirror.Transports.csproj" />
  <Project Path="CoreAI.RbxApi.Unity.csproj" />
  <Project Path="CoreAI.Net.Mirror.csproj" />
  <Project Path="CoreAI.Benchmarking.csproj" />
  <Project Path="CoreAI.Benchmark.Tests.csproj" />
  <Project Path="CoreAI.RbxApi.Binding.csproj" />
  <Project Path="CoreAI.Mcp.Tests.csproj" />
  <Project Path="CoreAI.Editor.csproj" />
  <Project Path="CoreAI.Tests.PlayMode.LlmVerification.csproj" />
  <Project Path="CoreAI.RbxApi.Datatypes.csproj" />
  <Project Path="Telepathy.csproj" />
  <Project Path="CoreAI.Mods.Editor.csproj" />
  <Project Path="Assembly-CSharp-firstpass.csproj" />
  <Project Path="Assembly-CSharp-Editor.csproj" />
  <Project Path="CoreAI.Hub.UI.csproj" />
  <Project Path="CoreAI.Core.Tests.csproj" />
  <Project Path="CoreAI.ExampleGame.Tests.csproj" />
  <Project Path="CoreAI.LuauDownlevel.csproj" />
  <Project Path="Assembly-CSharp.csproj" />
  <Project Path="CoreAI.Tests.PlayMode.Scenarios.csproj" />
  <Project Path="CoreAI.Net.Mirror.Tests.csproj" />
  <Project Path="IngameDebugConsole.Runtime.csproj" />
  <Project Path="Mirror.CompilerSymbols.csproj" />
  <Project Path="CoreAI.Tests.PlayMode.Shared.csproj" />
  <Project Path="CoreAI.Mcp.PlayModeTests.csproj" />
  <Project Path="CoreAI.ExampleGame.Editor.csproj" />
  <Project Path="EncryptionTransportEditor.csproj" />
  <Project Path="CoreAI.Hub.UI.Editor.csproj" />
  <Project Path="CoreAI.Mods.PlayModeTests.csproj" />
  <Project Path="IngameDebugConsole.Editor.csproj" />
</Solution>
