<Solution>
  <Project Path="CoreAI.Tests.PlayMode.FastNoLlm.csproj" />
  <Project Path="CoreAI.Source.csproj" />
  <Project Path="RuntimeInspector.Runtime.csproj" />
  <Project Path="CoreAI.Core.csproj" />
  <Project Path="CoreAI.RbxApi.Instances.csproj" />
  <Project Path="CoreAI.Mods.Tests.csproj" />
  <Project Path="CoreAI.Tests.csproj" />
  <Project Path="CoreAI.Mcp.csproj" />
  <Project Path="CoreAI.Tests.PlayMode.LlmInfra.csproj" />
  <Project Path="CoreAI.Demos.csproj" />
  <Project Path="CoreAI.Mods.csproj" />
  <Project Path="CoreAI.Mods.Hub.csproj" />
  <Project Path="CoreAI.ExampleGame.csproj" />
  <Project Path="CoreAI.RbxApi.Unity.csproj" />
  <Project Path="CoreAI.Benchmarking.csproj" />
  <Project Path="CoreAI.Benchmark.Tests.csproj" />
  <Project Path="CoreAI.RbxApi.Binding.csproj" />
  <Project Path="CoreAI.Mcp.Tests.csproj" />
  <Project Path="CoreAI.Editor.csproj" />
  <Project Path="CoreAI.Tests.PlayMode.LlmVerification.csproj" />
  <Project Path="CoreAI.RbxApi.Datatypes.csproj" />
  <Project Path="CoreAI.Mods.Editor.csproj" />
  <Project Path="Assembly-CSharp-firstpass.csproj" />
  <Project Path="Assembly-CSharp-Editor.csproj" />
  <Project Path="CoreAI.Hub.UI.csproj" />
  <Project Path="CoreAI.ExampleGame.Tests.csproj" />
  <Project Path="CoreAI.LuauDownlevel.csproj" />
  <Project Path="CoreAI.Core.Tests.csproj" />
  <Project Path="Assembly-CSharp.csproj" />
  <Project Path="CoreAI.Tests.PlayMode.Scenarios.csproj" />
  <Project Path="IngameDebugConsole.Runtime.csproj" />
  <Project Path="CoreAI.Tests.PlayMode.Shared.csproj" />
  <Project Path="CoreAI.Mcp.PlayModeTests.csproj" />
  <Project Path="CoreAI.ExampleGame.Editor.csproj" />
  <Project Path="CoreAI.Hub.UI.Editor.csproj" />
  <Project Path="IngameDebugConsole.Editor.csproj" />
</Solution>
